
Microsoft Visual Studio Solution File, Format Version 12.00
# Visual Studio Version 16
VisualStudioVersion = 16.0.31105.61
MinimumVisualStudioVersion = 10.0.40219.1
Project("{9A19103F-16F7-4668-BE54-9A1E7A4F7556}") = "ConsoleUI", "ConsoleUI\ConsoleUI.csproj", "{11337B89-2E2F-48E0-B85F-359A28713139}"
EndProject
Project("{9A19103F-16F7-4668-BE54-9A1E7A4F7556}") = "Service", "Service\Service.csproj", "{98FC90F0-A3BE-4955-A4FE-33CB794B2626}"
EndProject
Project("{9A19103F-16F7-4668-BE54-9A1E7A4F7556}") = "Core", "Core\Core.csproj", "{E291EB8B-6AAE-4132-ADCA-084221F400C8}"
EndProject
Project("{9A19103F-16F7-4668-BE54-9A1E7A4F7556}") = "DataAccess", "DataAccess\DataAccess.csproj", "{C83ACDA0-2EE7-4189-AFFB-0FB70A6571DB}"
EndProject
Project("{9A19103F-16F7-4668-BE54-9A1E7A4F7556}") = "Entities", "Entities\Entities.csproj", "{788187F1-F526-43F5-8C82-114604B24AFD}"
EndProject
Global
	GlobalSection(SolutionConfigurationPlatforms) = preSolution
		Debug|Any CPU = Debug|Any CPU
		Release|Any CPU = Release|Any CPU
	EndGlobalSection
	GlobalSection(ProjectConfigurationPlatforms) = postSolution
		{11337B89-2E2F-48E0-B85F-359A28713139}.Debug|Any CPU.ActiveCfg = Debug|Any CPU
		{11337B89-2E2F-48E0-B85F-359A28713139}.Debug|Any CPU.Build.0 = Debug|Any CPU
		{11337B89-2E2F-48E0-B85F-359A28713139}.Release|Any CPU.ActiveCfg = Release|Any CPU
		{11337B89-2E2F-48E0-B85F-359A28713139}.Release|Any CPU.Build.0 = Release|Any CPU
		{98FC90F0-A3BE-4955-A4FE-33CB794B2626}.Debug|Any CPU.ActiveCfg = Debug|Any CPU
		{98FC90F0-A3BE-4955-A4FE-33CB794B2626}.Debug|Any CPU.Build.0 = Debug|Any CPU
		{98FC90F0-A3BE-4955-A4FE-33CB794B2626}.Release|Any CPU.ActiveCfg = Release|Any CPU
		{98FC90F0-A3BE-4955-A4FE-33CB794B2626}.Release|Any CPU.Build.0 = Release|Any CPU
		{E291EB8B-6AAE-4132-ADCA-084221F400C8}.Debug|Any CPU.ActiveCfg = Debug|Any CPU
		{E291EB8B-6AAE-4132-ADCA-084221F400C8}.Debug|Any CPU.Build.0 = Debug|Any CPU
		{E291EB8B-6AAE-4132-ADCA-084221F400C8}.Release|Any CPU.ActiveCfg = Release|Any CPU
		{E291EB8B-6AAE-4132-ADCA-084221F400C8}.Release|Any CPU.Build.0 = Release|Any CPU
		{C83ACDA0-2EE7-4189-AFFB-0FB70A6571DB}.Debug|Any CPU.ActiveCfg = Debug|Any CPU
		{C83ACDA0-2EE7-4189-AFFB-0FB70A6571DB}.Debug|Any CPU.Build.0 = Debug|Any CPU
		{C83ACDA0-2EE7-4189-AFFB-0FB70A6571DB}.Release|Any CPU.ActiveCfg = Release|Any CPU
		{C83ACDA0-2EE7-4189-AFFB-0FB70A6571DB}.Release|Any CPU.Build.0 = Release|Any CPU
		{788187F1-F526-43F5-8C82-114604B24AFD}.Debug|Any CPU.ActiveCfg = Debug|Any CPU
		{788187F1-F526-43F5-8C82-114604B24AFD}.Debug|Any CPU.Build.0 = Debug|Any CPU
		{788187F1-F526-43F5-8C82-114604B24AFD}.Release|Any CPU.ActiveCfg = Release|Any CPU
		{788187F1-F526-43F5-8C82-114604B24AFD}.Release|Any CPU.Build.0 = Release|Any CPU
	EndGlobalSection
	GlobalSection(SolutionProperties) = preSolution
		HideSolutionNode = FALSE
	EndGlobalSection
	GlobalSection(ExtensibilityGlobals) = postSolution
		SolutionGuid = {155870BC-8E4E-4816-B426-5F834268632C}
	EndGlobalSection
EndGlobal
